
Microsoft Visual Studio Solution File, Format Version 12.00
# Visual Studio Version 16
VisualStudioVersion = 16.0.30804.86
MinimumVisualStudioVersion = 10.0.40219.1
Project("{9A19103F-16F7-4668-BE54-9A1E7A4F7556}") = "AreaLab", "AreaLab\AreaLab.csproj", "{3312D580-D3DD-4F94-8607-8D7D298F272F}"
EndProject
Project("{9A19103F-16F7-4668-BE54-9A1E7A4F7556}") = "PermissionLab", "PermissionLab\PermissionLab.csproj", "{0172F3CF-2704-4621-821F-16EDC38CE995}"
EndProject
Project("{9A19103F-16F7-4668-BE54-9A1E7A4F7556}") = "WildcardMatchLab", "WildcardMatchLab\WildcardMatchLab.csproj", "{BAB117E8-9CA4-4242-B2F5-9225EF7A5758}"
EndProject
Project("{9A19103F-16F7-4668-BE54-9A1E7A4F7556}") = "RazorClassLibraryLab.Module", "RazorClassLibraryLab.Module\RazorClassLibraryLab.Module.csproj", "{D48B0AA3-DD0B-45FE-B4F9-9A8C46302561}"
EndProject
Project("{9A19103F-16F7-4668-BE54-9A1E7A4F7556}") = "RazorClassLibraryLab", "RazorClassLibraryLab\RazorClassLibraryLab.csproj", "{1CB6CE85-874E-477E-AFE4-3A3C40F8D2B0}"
EndProject
Project("{9A19103F-16F7-4668-BE54-9A1E7A4F7556}") = "ApplicationPartsLab.Module", "ApplicationPartsLab.Module\ApplicationPartsLab.Module.csproj", "{9B470100-054B-45DE-9650-2DA6D5CF3784}"
EndProject
Project("{9A19103F-16F7-4668-BE54-9A1E7A4F7556}") = "ApplicationPartsLab", "ApplicationPartsLab\ApplicationPartsLab.csproj", "{1F7207F4-AA0B-4AA8-979C-9EF451517246}"
EndProject
Project("{9A19103F-16F7-4668-BE54-9A1E7A4F7556}") = "TemplateLab", "TemplateLab\TemplateLab.csproj", "{D1DD2D78-886A-4239-83E1-7C9466026F2B}"
EndProject
Project("{9A19103F-16F7-4668-BE54-9A1E7A4F7556}") = "ApiVersionLab", "ApiVersionLab\ApiVersionLab.csproj", "{630DDD95-20E8-4349-9B9F-D9A94E6E77AB}"
EndProject
Project("{9A19103F-16F7-4668-BE54-9A1E7A4F7556}") = "GlobalRouteAttributeLab", "GlobalRouteAttributeLab\GlobalRouteAttributeLab.csproj", "{94BA6132-D902-4676-998F-B34FA0EFC251}"
EndProject
Project("{9A19103F-16F7-4668-BE54-9A1E7A4F7556}") = "RazorViewLocationLab", "RazorViewLocationLab\RazorViewLocationLab.csproj", "{0FD49157-2187-4AC4-AF07-B27258D34664}"
EndProject
Project("{9A19103F-16F7-4668-BE54-9A1E7A4F7556}") = "ApiOutputLab", "ApiOutputLab\ApiOutputLab.csproj", "{827DC2CD-6DBF-4BED-AE71-5A81BE695F29}"
EndProject
Project("{9A19103F-16F7-4668-BE54-9A1E7A4F7556}") = "MiddlewareLab", "MiddlewareLab\MiddlewareLab.csproj", "{E0533628-AD62-4F28-B39C-BE70BF284FC7}"
EndProject
Project("{9A19103F-16F7-4668-BE54-9A1E7A4F7556}") = "RoutingEndpointsLab", "RoutingEndpointsLab\RoutingEndpointsLab.csproj", "{1BB752DA-03D8-43C0-AFF9-1D25C81A53AF}"
EndProject
Project("{2150E333-8FDC-42A3-9474-1A3956D46DE8}") = "00.Shared", "00.Shared", "{427DEC03-F6DD-4688-9103-C3DFF861458B}"
EndProject
Project("{9A19103F-16F7-4668-BE54-9A1E7A4F7556}") = "RegisterModuleLab", "RegisterModuleLab\RegisterModuleLab.csproj", "{79FD7C8F-73E0-4A58-B62B-81B8393B7700}"
EndProject
Project("{2150E333-8FDC-42A3-9474-1A3956D46DE8}") = "02.Kernel", "02.Kernel", "{89E18C8E-CF82-43F1-AC8A-DD0F89409EA2}"
EndProject
Project("{2150E333-8FDC-42A3-9474-1A3956D46DE8}") = "01.Application", "01.Application", "{82CBD2E0-D94E-4985-95EE-2807FF8F2423}"
EndProject
Project("{2150E333-8FDC-42A3-9474-1A3956D46DE8}") = "04.Authentication", "04.Authentication", "{4619D157-98EB-4180-A492-2EE070EDE1DA}"
EndProject
Project("{9A19103F-16F7-4668-BE54-9A1E7A4F7556}") = "CookieAuthenticationLab", "CookieAuthenticationLab\CookieAuthenticationLab.csproj", "{F473924C-4A62-497E-BF11-EBC229A9944F}"
EndProject
Project("{2150E333-8FDC-42A3-9474-1A3956D46DE8}") = "03.Module", "03.Module", "{0E686910-AD0B-4AF4-B344-CFF4AF819DA3}"
EndProject
Project("{2150E333-8FDC-42A3-9474-1A3956D46DE8}") = "01.Setting", "01.Setting", "{E09476D2-16DD-4898-829B-0917EFCF4B0C}"
EndProject
Project("{2150E333-8FDC-42A3-9474-1A3956D46DE8}") = "02.Route", "02.Route", "{19FFF031-5998-4B25-A4EB-A60F975920F2}"
EndProject
Project("{2150E333-8FDC-42A3-9474-1A3956D46DE8}") = "05.Authorization", "05.Authorization", "{39291E0E-6BAF-4A9E-9C37-552F31077C43}"
EndProject
Project("{2150E333-8FDC-42A3-9474-1A3956D46DE8}") = "99.Other", "99.Other", "{2EF4759E-2FE8-4521-B4AC-ED3730283B37}"
EndProject
Project("{9A19103F-16F7-4668-BE54-9A1E7A4F7556}") = "KernelAuthenticationLab", "KernelAuthenticationLab\KernelAuthenticationLab.csproj", "{D7579E02-831D-42A6-BA4F-C4D65BEA90AD}"
EndProject
Project("{9A19103F-16F7-4668-BE54-9A1E7A4F7556}") = "CookieOrJwtBearerAuthenticationLab", "CookieOrJwtBearerAuthenticationLab\CookieOrJwtBearerAuthenticationLab.csproj", "{B928E9BA-B63F-4726-84C0-6E87BC18A828}"
EndProject
Project("{FAE04EC0-301F-11D3-BF4B-00C04F79EFBC}") = "OAuthToRegisterAuthenticationLab", "OAuthToRegisterAuthenticationLab\OAuthToRegisterAuthenticationLab.csproj", "{4BB42B13-31E2-485B-9CF4-8907A97D13CA}"
EndProject
Global
	GlobalSection(SolutionConfigurationPlatforms) = preSolution
		Debug|Any CPU = Debug|Any CPU
		Release|Any CPU = Release|Any CPU
	EndGlobalSection
	GlobalSection(ProjectConfigurationPlatforms) = postSolution
		{3312D580-D3DD-4F94-8607-8D7D298F272F}.Debug|Any CPU.ActiveCfg = Debug|Any CPU
		{3312D580-D3DD-4F94-8607-8D7D298F272F}.Debug|Any CPU.Build.0 = Debug|Any CPU
		{3312D580-D3DD-4F94-8607-8D7D298F272F}.Release|Any CPU.ActiveCfg = Release|Any CPU
		{3312D580-D3DD-4F94-8607-8D7D298F272F}.Release|Any CPU.Build.0 = Release|Any CPU
		{0172F3CF-2704-4621-821F-16EDC38CE995}.Debug|Any CPU.ActiveCfg = Debug|Any CPU
		{0172F3CF-2704-4621-821F-16EDC38CE995}.Debug|Any CPU.Build.0 = Debug|Any CPU
		{0172F3CF-2704-4621-821F-16EDC38CE995}.Release|Any CPU.ActiveCfg = Release|Any CPU
		{0172F3CF-2704-4621-821F-16EDC38CE995}.Release|Any CPU.Build.0 = Release|Any CPU
		{BAB117E8-9CA4-4242-B2F5-9225EF7A5758}.Debug|Any CPU.ActiveCfg = Debug|Any CPU
		{BAB117E8-9CA4-4242-B2F5-9225EF7A5758}.Debug|Any CPU.Build.0 = Debug|Any CPU
		{BAB117E8-9CA4-4242-B2F5-9225EF7A5758}.Release|Any CPU.ActiveCfg = Release|Any CPU
		{BAB117E8-9CA4-4242-B2F5-9225EF7A5758}.Release|Any CPU.Build.0 = Release|Any CPU
		{D48B0AA3-DD0B-45FE-B4F9-9A8C46302561}.Debug|Any CPU.ActiveCfg = Debug|Any CPU
		{D48B0AA3-DD0B-45FE-B4F9-9A8C46302561}.Debug|Any CPU.Build.0 = Debug|Any CPU
		{D48B0AA3-DD0B-45FE-B4F9-9A8C46302561}.Release|Any CPU.ActiveCfg = Release|Any CPU
		{D48B0AA3-DD0B-45FE-B4F9-9A8C46302561}.Release|Any CPU.Build.0 = Release|Any CPU
		{1CB6CE85-874E-477E-AFE4-3A3C40F8D2B0}.Debug|Any CPU.ActiveCfg = Debug|Any CPU
		{1CB6CE85-874E-477E-AFE4-3A3C40F8D2B0}.Debug|Any CPU.Build.0 = Debug|Any CPU
		{1CB6CE85-874E-477E-AFE4-3A3C40F8D2B0}.Release|Any CPU.ActiveCfg = Release|Any CPU
		{1CB6CE85-874E-477E-AFE4-3A3C40F8D2B0}.Release|Any CPU.Build.0 = Release|Any CPU
		{9B470100-054B-45DE-9650-2DA6D5CF3784}.Debug|Any CPU.ActiveCfg = Debug|Any CPU
		{9B470100-054B-45DE-9650-2DA6D5CF3784}.Debug|Any CPU.Build.0 = Debug|Any CPU
		{9B470100-054B-45DE-9650-2DA6D5CF3784}.Release|Any CPU.ActiveCfg = Release|Any CPU
		{9B470100-054B-45DE-9650-2DA6D5CF3784}.Release|Any CPU.Build.0 = Release|Any CPU
		{1F7207F4-AA0B-4AA8-979C-9EF451517246}.Debug|Any CPU.ActiveCfg = Debug|Any CPU
		{1F7207F4-AA0B-4AA8-979C-9EF451517246}.Debug|Any CPU.Build.0 = Debug|Any CPU
		{1F7207F4-AA0B-4AA8-979C-9EF451517246}.Release|Any CPU.ActiveCfg = Release|Any CPU
		{1F7207F4-AA0B-4AA8-979C-9EF451517246}.Release|Any CPU.Build.0 = Release|Any CPU
		{D1DD2D78-886A-4239-83E1-7C9466026F2B}.Debug|Any CPU.ActiveCfg = Debug|Any CPU
		{D1DD2D78-886A-4239-83E1-7C9466026F2B}.Debug|Any CPU.Build.0 = Debug|Any CPU
		{D1DD2D78-886A-4239-83E1-7C9466026F2B}.Release|Any CPU.ActiveCfg = Release|Any CPU
		{D1DD2D78-886A-4239-83E1-7C9466026F2B}.Release|Any CPU.Build.0 = Release|Any CPU
		{630DDD95-20E8-4349-9B9F-D9A94E6E77AB}.Debug|Any CPU.ActiveCfg = Debug|Any CPU
		{630DDD95-20E8-4349-9B9F-D9A94E6E77AB}.Debug|Any CPU.Build.0 = Debug|Any CPU
		{630DDD95-20E8-4349-9B9F-D9A94E6E77AB}.Release|Any CPU.ActiveCfg = Release|Any CPU
		{630DDD95-20E8-4349-9B9F-D9A94E6E77AB}.Release|Any CPU.Build.0 = Release|Any CPU
		{94BA6132-D902-4676-998F-B34FA0EFC251}.Debug|Any CPU.ActiveCfg = Debug|Any CPU
		{94BA6132-D902-4676-998F-B34FA0EFC251}.Debug|Any CPU.Build.0 = Debug|Any CPU
		{94BA6132-D902-4676-998F-B34FA0EFC251}.Release|Any CPU.ActiveCfg = Release|Any CPU
		{94BA6132-D902-4676-998F-B34FA0EFC251}.Release|Any CPU.Build.0 = Release|Any CPU
		{0FD49157-2187-4AC4-AF07-B27258D34664}.Debug|Any CPU.ActiveCfg = Debug|Any CPU
		{0FD49157-2187-4AC4-AF07-B27258D34664}.Debug|Any CPU.Build.0 = Debug|Any CPU
		{0FD49157-2187-4AC4-AF07-B27258D34664}.Release|Any CPU.ActiveCfg = Release|Any CPU
		{0FD49157-2187-4AC4-AF07-B27258D34664}.Release|Any CPU.Build.0 = Release|Any CPU
		{827DC2CD-6DBF-4BED-AE71-5A81BE695F29}.Debug|Any CPU.ActiveCfg = Debug|Any CPU
		{827DC2CD-6DBF-4BED-AE71-5A81BE695F29}.Debug|Any CPU.Build.0 = Debug|Any CPU
		{827DC2CD-6DBF-4BED-AE71-5A81BE695F29}.Release|Any CPU.ActiveCfg = Release|Any CPU
		{827DC2CD-6DBF-4BED-AE71-5A81BE695F29}.Release|Any CPU.Build.0 = Release|Any CPU
		{E0533628-AD62-4F28-B39C-BE70BF284FC7}.Debug|Any CPU.ActiveCfg = Debug|Any CPU
		{E0533628-AD62-4F28-B39C-BE70BF284FC7}.Debug|Any CPU.Build.0 = Debug|Any CPU
		{E0533628-AD62-4F28-B39C-BE70BF284FC7}.Release|Any CPU.ActiveCfg = Release|Any CPU
		{E0533628-AD62-4F28-B39C-BE70BF284FC7}.Release|Any CPU.Build.0 = Release|Any CPU
		{1BB752DA-03D8-43C0-AFF9-1D25C81A53AF}.Debug|Any CPU.ActiveCfg = Debug|Any CPU
		{1BB752DA-03D8-43C0-AFF9-1D25C81A53AF}.Debug|Any CPU.Build.0 = Debug|Any CPU
		{1BB752DA-03D8-43C0-AFF9-1D25C81A53AF}.Release|Any CPU.ActiveCfg = Release|Any CPU
		{1BB752DA-03D8-43C0-AFF9-1D25C81A53AF}.Release|Any CPU.Build.0 = Release|Any CPU
		{79FD7C8F-73E0-4A58-B62B-81B8393B7700}.Debug|Any CPU.ActiveCfg = Debug|Any CPU
		{79FD7C8F-73E0-4A58-B62B-81B8393B7700}.Debug|Any CPU.Build.0 = Debug|Any CPU
		{79FD7C8F-73E0-4A58-B62B-81B8393B7700}.Release|Any CPU.ActiveCfg = Release|Any CPU
		{79FD7C8F-73E0-4A58-B62B-81B8393B7700}.Release|Any CPU.Build.0 = Release|Any CPU
		{F473924C-4A62-497E-BF11-EBC229A9944F}.Debug|Any CPU.ActiveCfg = Debug|Any CPU
		{F473924C-4A62-497E-BF11-EBC229A9944F}.Debug|Any CPU.Build.0 = Debug|Any CPU
		{F473924C-4A62-497E-BF11-EBC229A9944F}.Release|Any CPU.ActiveCfg = Release|Any CPU
		{F473924C-4A62-497E-BF11-EBC229A9944F}.Release|Any CPU.Build.0 = Release|Any CPU
		{D7579E02-831D-42A6-BA4F-C4D65BEA90AD}.Debug|Any CPU.ActiveCfg = Debug|Any CPU
		{D7579E02-831D-42A6-BA4F-C4D65BEA90AD}.Debug|Any CPU.Build.0 = Debug|Any CPU
		{D7579E02-831D-42A6-BA4F-C4D65BEA90AD}.Release|Any CPU.ActiveCfg = Release|Any CPU
		{D7579E02-831D-42A6-BA4F-C4D65BEA90AD}.Release|Any CPU.Build.0 = Release|Any CPU
		{B928E9BA-B63F-4726-84C0-6E87BC18A828}.Debug|Any CPU.ActiveCfg = Debug|Any CPU
		{B928E9BA-B63F-4726-84C0-6E87BC18A828}.Debug|Any CPU.Build.0 = Debug|Any CPU
		{B928E9BA-B63F-4726-84C0-6E87BC18A828}.Release|Any CPU.ActiveCfg = Release|Any CPU
		{B928E9BA-B63F-4726-84C0-6E87BC18A828}.Release|Any CPU.Build.0 = Release|Any CPU
		{4BB42B13-31E2-485B-9CF4-8907A97D13CA}.Debug|Any CPU.ActiveCfg = Debug|Any CPU
		{4BB42B13-31E2-485B-9CF4-8907A97D13CA}.Debug|Any CPU.Build.0 = Debug|Any CPU
		{4BB42B13-31E2-485B-9CF4-8907A97D13CA}.Release|Any CPU.ActiveCfg = Release|Any CPU
		{4BB42B13-31E2-485B-9CF4-8907A97D13CA}.Release|Any CPU.Build.0 = Release|Any CPU
	EndGlobalSection
	GlobalSection(SolutionProperties) = preSolution
		HideSolutionNode = FALSE
	EndGlobalSection
	GlobalSection(NestedProjects) = preSolution
		{3312D580-D3DD-4F94-8607-8D7D298F272F} = {89E18C8E-CF82-43F1-AC8A-DD0F89409EA2}
		{0172F3CF-2704-4621-821F-16EDC38CE995} = {82CBD2E0-D94E-4985-95EE-2807FF8F2423}
		{BAB117E8-9CA4-4242-B2F5-9225EF7A5758} = {2EF4759E-2FE8-4521-B4AC-ED3730283B37}
		{D48B0AA3-DD0B-45FE-B4F9-9A8C46302561} = {0E686910-AD0B-4AF4-B344-CFF4AF819DA3}
		{1CB6CE85-874E-477E-AFE4-3A3C40F8D2B0} = {0E686910-AD0B-4AF4-B344-CFF4AF819DA3}
		{9B470100-054B-45DE-9650-2DA6D5CF3784} = {0E686910-AD0B-4AF4-B344-CFF4AF819DA3}
		{1F7207F4-AA0B-4AA8-979C-9EF451517246} = {0E686910-AD0B-4AF4-B344-CFF4AF819DA3}
		{D1DD2D78-886A-4239-83E1-7C9466026F2B} = {427DEC03-F6DD-4688-9103-C3DFF861458B}
		{630DDD95-20E8-4349-9B9F-D9A94E6E77AB} = {E09476D2-16DD-4898-829B-0917EFCF4B0C}
		{94BA6132-D902-4676-998F-B34FA0EFC251} = {19FFF031-5998-4B25-A4EB-A60F975920F2}
		{0FD49157-2187-4AC4-AF07-B27258D34664} = {E09476D2-16DD-4898-829B-0917EFCF4B0C}
		{827DC2CD-6DBF-4BED-AE71-5A81BE695F29} = {E09476D2-16DD-4898-829B-0917EFCF4B0C}
		{E0533628-AD62-4F28-B39C-BE70BF284FC7} = {89E18C8E-CF82-43F1-AC8A-DD0F89409EA2}
		{1BB752DA-03D8-43C0-AFF9-1D25C81A53AF} = {19FFF031-5998-4B25-A4EB-A60F975920F2}
		{79FD7C8F-73E0-4A58-B62B-81B8393B7700} = {0E686910-AD0B-4AF4-B344-CFF4AF819DA3}
		{4619D157-98EB-4180-A492-2EE070EDE1DA} = {89E18C8E-CF82-43F1-AC8A-DD0F89409EA2}
		{F473924C-4A62-497E-BF11-EBC229A9944F} = {4619D157-98EB-4180-A492-2EE070EDE1DA}
		{0E686910-AD0B-4AF4-B344-CFF4AF819DA3} = {89E18C8E-CF82-43F1-AC8A-DD0F89409EA2}
		{E09476D2-16DD-4898-829B-0917EFCF4B0C} = {89E18C8E-CF82-43F1-AC8A-DD0F89409EA2}
		{19FFF031-5998-4B25-A4EB-A60F975920F2} = {89E18C8E-CF82-43F1-AC8A-DD0F89409EA2}
		{39291E0E-6BAF-4A9E-9C37-552F31077C43} = {89E18C8E-CF82-43F1-AC8A-DD0F89409EA2}
		{D7579E02-831D-42A6-BA4F-C4D65BEA90AD} = {4619D157-98EB-4180-A492-2EE070EDE1DA}
		{B928E9BA-B63F-4726-84C0-6E87BC18A828} = {4619D157-98EB-4180-A492-2EE070EDE1DA}
		{4BB42B13-31E2-485B-9CF4-8907A97D13CA} = {4619D157-98EB-4180-A492-2EE070EDE1DA}
	EndGlobalSection
	GlobalSection(ExtensibilityGlobals) = postSolution
		SolutionGuid = {CBB7D75C-988E-4A62-8EB5-C26F026248F5}
	EndGlobalSection
EndGlobal
